// !$*UTF8*$!
{
	archiveVersion = 1;
	classes = {
	};
	objectVersion = 50;
	objects = {

/* Begin PBXBuildFile section */
		582EDA7C22F969B300D3199B /* ChatLogController.swift in Sources */ = {isa = PBXBuildFile; fileRef = 582EDA7B22F969B300D3199B /* ChatLogController.swift */; };
		582EDA7E22F971BC00D3199B /* ChatLogMessageCell.swift in Sources */ = {isa = PBXBuildFile; fileRef = 582EDA7D22F971BC00D3199B /* ChatLogMessageCell.swift */; };
		583B18E922F1AEA5005FF0E8 /* AppDelegate.swift in Sources */ = {isa = PBXBuildFile; fileRef = 583B18E822F1AEA5005FF0E8 /* AppDelegate.swift */; };
		583B18F122F1AEA5005FF0E8 /* ChatMessenger.xcdatamodeld in Sources */ = {isa = PBXBuildFile; fileRef = 583B18EF22F1AEA5005FF0E8 /* ChatMessenger.xcdatamodeld */; };
		583B18F322F1AEA6005FF0E8 /* Assets.xcassets in Resources */ = {isa = PBXBuildFile; fileRef = 583B18F222F1AEA6005FF0E8 /* Assets.xcassets */; };
		583B18F622F1AEA6005FF0E8 /* LaunchScreen.storyboard in Resources */ = {isa = PBXBuildFile; fileRef = 583B18F422F1AEA6005FF0E8 /* LaunchScreen.storyboard */; };
		583B190622F1B848005FF0E8 /* MessageCell.swift in Sources */ = {isa = PBXBuildFile; fileRef = 583B190422F1B848005FF0E8 /* MessageCell.swift */; };
		583B190722F1B848005FF0E8 /* FriendsController.swift in Sources */ = {isa = PBXBuildFile; fileRef = 583B190522F1B848005FF0E8 /* FriendsController.swift */; };
		583B190922F1B8E9005FF0E8 /* BaseCell.swift in Sources */ = {isa = PBXBuildFile; fileRef = 583B190822F1B8E9005FF0E8 /* BaseCell.swift */; };
		583B191422F1C3D5005FF0E8 /* Friend+CoreDataClass.swift in Sources */ = {isa = PBXBuildFile; fileRef = 583B191222F1C3D5005FF0E8 /* Friend+CoreDataClass.swift */; };
		583B191522F1C3D5005FF0E8 /* Friend+CoreDataProperties.swift in Sources */ = {isa = PBXBuildFile; fileRef = 583B191322F1C3D5005FF0E8 /* Friend+CoreDataProperties.swift */; };
		583B191822F1C40F005FF0E8 /* Message+CoreDataClass.swift in Sources */ = {isa = PBXBuildFile; fileRef = 583B191622F1C40F005FF0E8 /* Message+CoreDataClass.swift */; };
		583B191922F1C40F005FF0E8 /* Message+CoreDataProperties.swift in Sources */ = {isa = PBXBuildFile; fileRef = 583B191722F1C40F005FF0E8 /* Message+CoreDataProperties.swift */; };
/* End PBXBuildFile section */

/* Begin PBXFileReference section */
		582EDA7B22F969B300D3199B /* ChatLogController.swift */ = {isa = PBXFileReference; lastKnownFileType = sourcecode.swift; path = ChatLogController.swift; sourceTree = "<group>"; };
		582EDA7D22F971BC00D3199B /* ChatLogMessageCell.swift */ = {isa = PBXFileReference; lastKnownFileType = sourcecode.swift; path = ChatLogMessageCell.swift; sourceTree = "<group>"; };
		583B18E522F1AEA5005FF0E8 /* ChatMessenger.app */ = {isa = PBXFileReference; explicitFileType = wrapper.application; includeInIndex = 0; path = ChatMessenger.app; sourceTree = BUILT_PRODUCTS_DIR; };
		583B18E822F1AEA5005FF0E8 /* AppDelegate.swift */ = {isa = PBXFileReference; lastKnownFileType = sourcecode.swift; path = AppDelegate.swift; sourceTree = "<group>"; };
		583B18F022F1AEA5005FF0E8 /* ChatMessenger.xcdatamodel */ = {isa = PBXFileReference; lastKnownFileType = wrapper.xcdatamodel; path = ChatMessenger.xcdatamodel; sourceTree = "<group>"; };
		583B18F222F1AEA6005FF0E8 /* Assets.xcassets */ = {isa = PBXFileReference; lastKnownFileType = folder.assetcatalog; path = Assets.xcassets; sourceTree = "<group>"; };
		583B18F522F1AEA6005FF0E8 /* Base */ = {isa = PBXFileReference; lastKnownFileType = file.storyboard; name = Base; path = Base.lproj/LaunchScreen.storyboard; sourceTree = "<group>"; };
		583B18F722F1AEA6005FF0E8 /* Info.plist */ = {isa = PBXFileReference; lastKnownFileType = text.plist.xml; path = Info.plist; sourceTree = "<group>"; };
		583B190422F1B848005FF0E8 /* MessageCell.swift */ = {isa = PBXFileReference; fileEncoding = 4; lastKnownFileType = sourcecode.swift; path = MessageCell.swift; sourceTree = "<group>"; };
		583B190522F1B848005FF0E8 /* FriendsController.swift */ = {isa = PBXFileReference; fileEncoding = 4; lastKnownFileType = sourcecode.swift; path = FriendsController.swift; sourceTree = "<group>"; };
		583B190822F1B8E9005FF0E8 /* BaseCell.swift */ = {isa = PBXFileReference; lastKnownFileType = sourcecode.swift; path = BaseCell.swift; sourceTree = "<group>"; };
		583B191222F1C3D5005FF0E8 /* Friend+CoreDataClass.swift */ = {isa = PBXFileReference; lastKnownFileType = sourcecode.swift; path = "Friend+CoreDataClass.swift"; sourceTree = "<group>"; };
		583B191322F1C3D5005FF0E8 /* Friend+CoreDataProperties.swift */ = {isa = PBXFileReference; lastKnownFileType = sourcecode.swift; path = "Friend+CoreDataProperties.swift"; sourceTree = "<group>"; };
		583B191622F1C40F005FF0E8 /* Message+CoreDataClass.swift */ = {isa = PBXFileReference; lastKnownFileType = sourcecode.swift; path = "Message+CoreDataClass.swift"; sourceTree = "<group>"; };
		583B191722F1C40F005FF0E8 /* Message+CoreDataProperties.swift */ = {isa = PBXFileReference; lastKnownFileType = sourcecode.swift; path = "Message+CoreDataProperties.swift"; sourceTree = "<group>"; };
/* End PBXFileReference section */

/* Begin PBXFrameworksBuildPhase section */
		583B18E222F1AEA5005FF0E8 /* Frameworks */ = {
			isa = PBXFrameworksBuildPhase;
			buildActionMask = 2147483647;
			files = (
			);
			runOnlyForDeploymentPostprocessing = 0;
		};
/* End PBXFrameworksBuildPhase section */

/* Begin PBXGroup section */
		582EDA7F22F97FB800D3199B /* CoreData subclasses */ = {
			isa = PBXGroup;
			children = (
				583B191622F1C40F005FF0E8 /* Message+CoreDataClass.swift */,
				583B191722F1C40F005FF0E8 /* Message+CoreDataProperties.swift */,
				583B191222F1C3D5005FF0E8 /* Friend+CoreDataClass.swift */,
				583B191322F1C3D5005FF0E8 /* Friend+CoreDataProperties.swift */,
			);
			path = "CoreData subclasses";
			sourceTree = "<group>";
		};
		583B18DC22F1AEA5005FF0E8 = {
			isa = PBXGroup;
			children = (
				583B18E722F1AEA5005FF0E8 /* ChatMessenger */,
				583B18E622F1AEA5005FF0E8 /* Products */,
			);
			sourceTree = "<group>";
		};
		583B18E622F1AEA5005FF0E8 /* Products */ = {
			isa = PBXGroup;
			children = (
				583B18E522F1AEA5005FF0E8 /* ChatMessenger.app */,
			);
			name = Products;
			sourceTree = "<group>";
		};
		583B18E722F1AEA5005FF0E8 /* ChatMessenger */ = {
			isa = PBXGroup;
			children = (
				583B18FD22F1B6B7005FF0E8 /* ViewControllers */,
				583B190322F1B7E8005FF0E8 /* Storyboards */,
				583B18EF22F1AEA5005FF0E8 /* ChatMessenger.xcdatamodeld */,
				582EDA7F22F97FB800D3199B /* CoreData subclasses */,
				583B190222F1B6DC005FF0E8 /* Support files */,
			);
			path = ChatMessenger;
			sourceTree = "<group>";
		};
		583B18FD22F1B6B7005FF0E8 /* ViewControllers */ = {
			isa = PBXGroup;
			children = (
				583B190422F1B848005FF0E8 /* MessageCell.swift */,
				583B190522F1B848005FF0E8 /* FriendsController.swift */,
				583B190822F1B8E9005FF0E8 /* BaseCell.swift */,
				582EDA7D22F971BC00D3199B /* ChatLogMessageCell.swift */,
				582EDA7B22F969B300D3199B /* ChatLogController.swift */,
			);
			path = ViewControllers;
			sourceTree = "<group>";
		};
		583B190222F1B6DC005FF0E8 /* Support files */ = {
			isa = PBXGroup;
			children = (
				583B18E822F1AEA5005FF0E8 /* AppDelegate.swift */,
				583B18F222F1AEA6005FF0E8 /* Assets.xcassets */,
				583B18F722F1AEA6005FF0E8 /* Info.plist */,
			);
			path = "Support files";
			sourceTree = "<group>";
		};
		583B190322F1B7E8005FF0E8 /* Storyboards */ = {
			isa = PBXGroup;
			children = (
				583B18F422F1AEA6005FF0E8 /* LaunchScreen.storyboard */,
			);
			path = Storyboards;
			sourceTree = "<group>";
		};
/* End PBXGroup section */

/* Begin PBXNativeTarget section */
		583B18E422F1AEA5005FF0E8 /* ChatMessenger */ = {
			isa = PBXNativeTarget;
			buildConfigurationList = 583B18FA22F1AEA6005FF0E8 /* Build configuration list for PBXNativeTarget "ChatMessenger" */;
			buildPhases = (
				583B18E122F1AEA5005FF0E8 /* Sources */,
				583B18E222F1AEA5005FF0E8 /* Frameworks */,
				583B18E322F1AEA5005FF0E8 /* Resources */,
			);
			buildRules = (
			);
			dependencies = (
			);
			name = ChatMessenger;
			productName = ChatMessenger;
			productReference = 583B18E522F1AEA5005FF0E8 /* ChatMessenger.app */;
			productType = "com.apple.product-type.application";
		};
/* End PBXNativeTarget section */

/* Begin PBXProject section */
		583B18DD22F1AEA5005FF0E8 /* Project object */ = {
			isa = PBXProject;
			attributes = {
				LastSwiftUpdateCheck = 1030;
				LastUpgradeCheck = 1030;
				ORGANIZATIONNAME = vitaliy;
				TargetAttributes = {
					583B18E422F1AEA5005FF0E8 = {
						CreatedOnToolsVersion = 10.3;
					};
				};
			};
			buildConfigurationList = 583B18E022F1AEA5005FF0E8 /* Build configuration list for PBXProject "ChatMessenger" */;
			compatibilityVersion = "Xcode 9.3";
			developmentRegion = en;
			hasScannedForEncodings = 0;
			knownRegions = (
				en,
				Base,
			);
			mainGroup = 583B18DC22F1AEA5005FF0E8;
			productRefGroup = 583B18E622F1AEA5005FF0E8 /* Products */;
			projectDirPath = "";
			projectRoot = "";
			targets = (
				583B18E422F1AEA5005FF0E8 /* ChatMessenger */,
			);
		};
/* End PBXProject section */

/* Begin PBXResourcesBuildPhase section */
		583B18E322F1AEA5005FF0E8 /* Resources */ = {
			isa = PBXResourcesBuildPhase;
			buildActionMask = 2147483647;
			files = (
				583B18F622F1AEA6005FF0E8 /* LaunchScreen.storyboard in Resources */,
				583B18F322F1AEA6005FF0E8 /* Assets.xcassets in Resources */,
			);
			runOnlyForDeploymentPostprocessing = 0;
		};
/* End PBXResourcesBuildPhase section */

/* Begin PBXSourcesBuildPhase section */
		583B18E122F1AEA5005FF0E8 /* Sources */ = {
			isa = PBXSourcesBuildPhase;
			buildActionMask = 2147483647;
			files = (
				582EDA7C22F969B300D3199B /* ChatLogController.swift in Sources */,
				583B18F122F1AEA5005FF0E8 /* ChatMessenger.xcdatamodeld in Sources */,
				583B191422F1C3D5005FF0E8 /* Friend+CoreDataClass.swift in Sources */,
				583B190722F1B848005FF0E8 /* FriendsController.swift in Sources */,
				583B18E922F1AEA5005FF0E8 /* AppDelegate.swift in Sources */,
				583B190922F1B8E9005FF0E8 /* BaseCell.swift in Sources */,
				582EDA7E22F971BC00D3199B /* ChatLogMessageCell.swift in Sources */,
				583B191922F1C40F005FF0E8 /* Message+CoreDataProperties.swift in Sources */,
				583B190622F1B848005FF0E8 /* MessageCell.swift in Sources */,
				583B191522F1C3D5005FF0E8 /* Friend+CoreDataProperties.swift in Sources */,
				583B191822F1C40F005FF0E8 /* Message+CoreDataClass.swift in Sources */,
			);
			runOnlyForDeploymentPostprocessing = 0;
		};
/* End PBXSourcesBuildPhase section */

/* Begin PBXVariantGroup section */
		583B18F422F1AEA6005FF0E8 /* LaunchScreen.storyboard */ = {
			isa = PBXVariantGroup;
			children = (
				583B18F522F1AEA6005FF0E8 /* Base */,
			);
			name = LaunchScreen.storyboard;
			sourceTree = "<group>";
		};
/* End PBXVariantGroup section */

/* Begin XCBuildConfiguration section */
		583B18F822F1AEA6005FF0E8 /* Debug */ = {
			isa = XCBuildConfiguration;
			buildSettings = {
				ALWAYS_SEARCH_USER_PATHS = NO;
				CLANG_ANALYZER_NONNULL = YES;
				CLANG_ANALYZER_NUMBER_OBJECT_CONVERSION = YES_AGGRESSIVE;
				CLANG_CXX_LANGUAGE_STANDARD = "gnu++14";
				CLANG_CXX_LIBRARY = "libc++";
				CLANG_ENABLE_MODULES = YES;
				CLANG_ENABLE_OBJC_ARC = YES;
				CLANG_ENABLE_OBJC_WEAK = YES;
				CLANG_WARN_BLOCK_CAPTURE_AUTORELEASING = YES;
				CLANG_WARN_BOOL_CONVERSION = YES;
				CLANG_WARN_COMMA = YES;
				CLANG_WARN_CONSTANT_CONVERSION = YES;
				CLANG_WARN_DEPRECATED_OBJC_IMPLEMENTATIONS = YES;
				CLANG_WARN_DIRECT_OBJC_ISA_USAGE = YES_ERROR;
				CLANG_WARN_DOCUMENTATION_COMMENTS = YES;
				CLANG_WARN_EMPTY_BODY = YES;
				CLANG_WARN_ENUM_CONVERSION = YES;
				CLANG_WARN_INFINITE_RECURSION = YES;
				CLANG_WARN_INT_CONVERSION = YES;
				CLANG_WARN_NON_LITERAL_NULL_CONVERSION = YES;
				CLANG_WARN_OBJC_IMPLICIT_RETAIN_SELF = YES;
				CLANG_WARN_OBJC_LITERAL_CONVERSION = YES;
				CLANG_WARN_OBJC_ROOT_CLASS = YES_ERROR;
				CLANG_WARN_RANGE_LOOP_ANALYSIS = YES;
				CLANG_WARN_STRICT_PROTOTYPES = YES;
				CLANG_WARN_SUSPICIOUS_MOVE = YES;
				CLANG_WARN_UNGUARDED_AVAILABILITY = YES_AGGRESSIVE;
				CLANG_WARN_UNREACHABLE_CODE = YES;
				CLANG_WARN__DUPLICATE_METHOD_MATCH = YES;
				CODE_SIGN_IDENTITY = "iPhone Developer";
				COPY_PHASE_STRIP = NO;
				DEBUG_INFORMATION_FORMAT = dwarf;
				ENABLE_STRICT_OBJC_MSGSEND = YES;
				ENABLE_TESTABILITY = YES;
				GCC_C_LANGUAGE_STANDARD = gnu11;
				GCC_DYNAMIC_NO_PIC = NO;
				GCC_NO_COMMON_BLOCKS = YES;
				GCC_OPTIMIZATION_LEVEL = 0;
				GCC_PREPROCESSOR_DEFINITIONS = (
					"DEBUG=1",
					"$(inherited)",
				);
				GCC_WARN_64_TO_32_BIT_CONVERSION = YES;
				GCC_WARN_ABOUT_RETURN_TYPE = YES_ERROR;
				GCC_WARN_UNDECLARED_SELECTOR = YES;
				GCC_WARN_UNINITIALIZED_AUTOS = YES_AGGRESSIVE;
				GCC_WARN_UNUSED_FUNCTION = YES;
				GCC_WARN_UNUSED_VARIABLE = YES;
				IPHONEOS_DEPLOYMENT_TARGET = 12.4;
				MTL_ENABLE_DEBUG_INFO = INCLUDE_SOURCE;
				MTL_FAST_MATH = YES;
				ONLY_ACTIVE_ARCH = YES;
				SDKROOT = iphoneos;
				SWIFT_ACTIVE_COMPILATION_CONDITIONS = DEBUG;
				SWIFT_OPTIMIZATION_LEVEL = "-Onone";
			};
			name = Debug;
		};
		583B18F922F1AEA6005FF0E8 /* Release */ = {
			isa = XCBuildConfiguration;
			buildSettings = {
				ALWAYS_SEARCH_USER_PATHS = NO;
				CLANG_ANALYZER_NONNULL = YES;
				CLANG_ANALYZER_NUMBER_OBJECT_CONVERSION = YES_AGGRESSIVE;
				CLANG_CXX_LANGUAGE_STANDARD = "gnu++14";
				CLANG_CXX_LIBRARY = "libc++";
				CLANG_ENABLE_MODULES = YES;
				CLANG_ENABLE_OBJC_ARC = YES;
				CLANG_ENABLE_OBJC_WEAK = YES;
				CLANG_WARN_BLOCK_CAPTURE_AUTORELEASING = YES;
				CLANG_WARN_BOOL_CONVERSION = YES;
				CLANG_WARN_COMMA = YES;
				CLANG_WARN_CONSTANT_CONVERSION = YES;
				CLANG_WARN_DEPRECATED_OBJC_IMPLEMENTATIONS = YES;
				CLANG_WARN_DIRECT_OBJC_ISA_USAGE = YES_ERROR;
				CLANG_WARN_DOCUMENTATION_COMMENTS = YES;
				CLANG_WARN_EMPTY_BODY = YES;
				CLANG_WARN_ENUM_CONVERSION = YES;
				CLANG_WARN_INFINITE_RECURSION = YES;
				CLANG_WARN_INT_CONVERSION = YES;
				CLANG_WARN_NON_LITERAL_NULL_CONVERSION = YES;
				CLANG_WARN_OBJC_IMPLICIT_RETAIN_SELF = YES;
				CLANG_WARN_OBJC_LITERAL_CONVERSION = YES;
				CLANG_WARN_OBJC_ROOT_CLASS = YES_ERROR;
				CLANG_WARN_RANGE_LOOP_ANALYSIS = YES;
				CLANG_WARN_STRICT_PROTOTYPES = YES;
				CLANG_WARN_SUSPICIOUS_MOVE = YES;
				CLANG_WARN_UNGUARDED_AVAILABILITY = YES_AGGRESSIVE;
				CLANG_WARN_UNREACHABLE_CODE = YES;
				CLANG_WARN__DUPLICATE_METHOD_MATCH = YES;
				CODE_SIGN_IDENTITY = "iPhone Developer";
				COPY_PHASE_STRIP = NO;
				DEBUG_INFORMATION_FORMAT = "dwarf-with-dsym";
				ENABLE_NS_ASSERTIONS = NO;
				ENABLE_STRICT_OBJC_MSGSEND = YES;
				GCC_C_LANGUAGE_STANDARD = gnu11;
				GCC_NO_COMMON_BLOCKS = YES;
				GCC_WARN_64_TO_32_BIT_CONVERSION = YES;
				GCC_WARN_ABOUT_RETURN_TYPE = YES_ERROR;
				GCC_WARN_UNDECLARED_SELECTOR = YES;
				GCC_WARN_UNINITIALIZED_AUTOS = YES_AGGRESSIVE;
				GCC_WARN_UNUSED_FUNCTION = YES;
				GCC_WARN_UNUSED_VARIABLE = YES;
				IPHONEOS_DEPLOYMENT_TARGET = 12.4;
				MTL_ENABLE_DEBUG_INFO = NO;
				MTL_FAST_MATH = YES;
				SDKROOT = iphoneos;
				SWIFT_COMPILATION_MODE = wholemodule;
				SWIFT_OPTIMIZATION_LEVEL = "-O";
				VALIDATE_PRODUCT = YES;
			};
			name = Release;
		};
		583B18FB22F1AEA6005FF0E8 /* Debug */ = {
			isa = XCBuildConfiguration;
			buildSettings = {
				ASSETCATALOG_COMPILER_APPICON_NAME = AppIcon;
				CODE_SIGN_STYLE = Automatic;
				INFOPLIST_FILE = "$(SRCROOT)/ChatMessenger/Support files/Info.plist";
				LD_RUNPATH_SEARCH_PATHS = (
					"$(inherited)",
					"@executable_path/Frameworks",
				);
				PRODUCT_BUNDLE_IDENTIFIER = myOrganization.ChatMessenger;
				PRODUCT_NAME = "$(TARGET_NAME)";
				SWIFT_VERSION = 5.0;
				TARGETED_DEVICE_FAMILY = "1,2";
			};
			name = Debug;
		};
		583B18FC22F1AEA6005FF0E8 /* Release */ = {
			isa = XCBuildConfiguration;
			buildSettings = {
				ASSETCATALOG_COMPILER_APPICON_NAME = AppIcon;
				CODE_SIGN_STYLE = Automatic;
				INFOPLIST_FILE = "$(SRCROOT)/ChatMessenger/Support files/Info.plist";
				LD_RUNPATH_SEARCH_PATHS = (
					"$(inherited)",
					"@executable_path/Frameworks",
				);
				PRODUCT_BUNDLE_IDENTIFIER = myOrganization.ChatMessenger;
				PRODUCT_NAME = "$(TARGET_NAME)";
				SWIFT_VERSION = 5.0;
				TARGETED_DEVICE_FAMILY = "1,2";
			};
			name = Release;
		};
/* End XCBuildConfiguration section */

/* Begin XCConfigurationList section */
		583B18E022F1AEA5005FF0E8 /* Build configuration list for PBXProject "ChatMessenger" */ = {
			isa = XCConfigurationList;
			buildConfigurations = (
				583B18F822F1AEA6005FF0E8 /* Debug */,
				583B18F922F1AEA6005FF0E8 /* Release */,
			);
			defaultConfigurationIsVisible = 0;
			defaultConfigurationName = Release;
		};
		583B18FA22F1AEA6005FF0E8 /* Build configuration list for PBXNativeTarget "ChatMessenger" */ = {
			isa = XCConfigurationList;
			buildConfigurations = (
				583B18FB22F1AEA6005FF0E8 /* Debug */,
				583B18FC22F1AEA6005FF0E8 /* Release */,
			);
			defaultConfigurationIsVisible = 0;
			defaultConfigurationName = Release;
		};
/* End XCConfigurationList section */

/* Begin XCVersionGroup section */
		583B18EF22F1AEA5005FF0E8 /* ChatMessenger.xcdatamodeld */ = {
			isa = XCVersionGroup;
			children = (
				583B18F022F1AEA5005FF0E8 /* ChatMessenger.xcdatamodel */,
			);
			currentVersion = 583B18F022F1AEA5005FF0E8 /* ChatMessenger.xcdatamodel */;
			path = ChatMessenger.xcdatamodeld;
			sourceTree = "<group>";
			versionGroupType = wrapper.xcdatamodel;
		};
/* End XCVersionGroup section */
	};
	rootObject = 583B18DD22F1AEA5005FF0E8 /* Project object */;
}
